
Microsoft Visual Studio Solution File, Format Version 12.00
# Visual Studio Version 17
VisualStudioVersion = 17.9.34723.18
MinimumVisualStudioVersion = 10.0.40219.1
Project("{FAE04EC0-301F-11D3-BF4B-00C04F79EFBC}") = "TestWpfTimeline", "TestWpfTimeline\TestWpfTimeline.csproj", "{B395360A-5A26-4CF1-9A0F-C0CBB8649743}"
EndProject
Global
	GlobalSection(SolutionConfigurationPlatforms) = preSolution
		Debug|Any CPU = Debug|Any CPU
		Release|Any CPU = Release|Any CPU
	EndGlobalSection
	GlobalSection(ProjectConfigurationPlatforms) = postSolution
		{B395360A-5A26-4CF1-9A0F-C0CBB8649743}.Debug|Any CPU.ActiveCfg = Debug|Any CPU
		{B395360A-5A26-4CF1-9A0F-C0CBB8649743}.Debug|Any CPU.Build.0 = Debug|Any CPU
		{B395360A-5A26-4CF1-9A0F-C0CBB8649743}.Release|Any CPU.ActiveCfg = Release|Any CPU
		{B395360A-5A26-4CF1-9A0F-C0CBB8649743}.Release|Any CPU.Build.0 = Release|Any CPU
	EndGlobalSection
	GlobalSection(SolutionProperties) = preSolution
		HideSolutionNode = FALSE
	EndGlobalSection
	GlobalSection(ExtensibilityGlobals) = postSolution
		SolutionGuid = {4494D59D-B305-4AA2-A831-57476E3B39B5}
	EndGlobalSection
EndGlobal
